
Microsoft Visual Studio Solution File, Format Version 12.00
# Visual Studio Version 16
VisualStudioVersion = 16.0.30406.217
MinimumVisualStudioVersion = 10.0.40219.1
Project("{FAE04EC0-301F-11D3-BF4B-00C04F79EFBC}") = "AngularToAPI", "AngularToAPI\AngularToAPI.csproj", "{0052AC42-A888-424D-B4E3-D2BE455348A7}"
EndProject
Global
	GlobalSection(SolutionConfigurationPlatforms) = preSolution
		Debug|Any CPU = Debug|Any CPU
		Release|Any CPU = Release|Any CPU
	EndGlobalSection
	GlobalSection(ProjectConfigurationPlatforms) = postSolution
		{0052AC42-A888-424D-B4E3-D2BE455348A7}.Debug|Any CPU.ActiveCfg = Debug|Any CPU
		{0052AC42-A888-424D-B4E3-D2BE455348A7}.Debug|Any CPU.Build.0 = Debug|Any CPU
		{0052AC42-A888-424D-B4E3-D2BE455348A7}.Release|Any CPU.ActiveCfg = Release|Any CPU
		{0052AC42-A888-424D-B4E3-D2BE455348A7}.Release|Any CPU.Build.0 = Release|Any CPU
	EndGlobalSection
	GlobalSection(SolutionProperties) = preSolution
		HideSolutionNode = FALSE
	EndGlobalSection
	GlobalSection(ExtensibilityGlobals) = postSolution
		SolutionGuid = {32BB189E-8324-4383-A900-CBF46C46977D}
	EndGlobalSection
EndGlobal
